{
  "version": 1,
  "dependencies": {
    "net8.0": {
      "PdfPig": {
        "type": "Direct",
        "requested": "[0.1.16, 0.1.16]",
        "resolved": "0.1.16",
        "contentHash": "qQcbsNMYVY+K5ELptax2S8thNMk0+rSQq3H/KdYj3LLcko8yTCz8y5KIvsKxIyAuTN0ZYNnfsZkM+0EvxTwHVA=="
      }
    }
  }
}